
Microsoft Visual Studio Solution File, Format Version 12.00
# Visual Studio Version 17
VisualStudioVersion = 17.3.32901.215
MinimumVisualStudioVersion = 10.0.40219.1
Project("{FAE04EC0-301F-11D3-BF4B-00C04F79EFBC}") = "Figure - HW", "Figure - HW\Figure - HW.csproj", "{5F131F3E-EB1F-48A2-A899-12E3B1D2B681}"
EndProject
Global
	GlobalSection(SolutionConfigurationPlatforms) = preSolution
		Debug|Any CPU = Debug|Any CPU
		Release|Any CPU = Release|Any CPU
	EndGlobalSection
	GlobalSection(ProjectConfigurationPlatforms) = postSolution
		{5F131F3E-EB1F-48A2-A899-12E3B1D2B681}.Debug|Any CPU.ActiveCfg = Debug|Any CPU
		{5F131F3E-EB1F-48A2-A899-12E3B1D2B681}.Debug|Any CPU.Build.0 = Debug|Any CPU
		{5F131F3E-EB1F-48A2-A899-12E3B1D2B681}.Release|Any CPU.ActiveCfg = Release|Any CPU
		{5F131F3E-EB1F-48A2-A899-12E3B1D2B681}.Release|Any CPU.Build.0 = Release|Any CPU
	EndGlobalSection
	GlobalSection(SolutionProperties) = preSolution
		HideSolutionNode = FALSE
	EndGlobalSection
	GlobalSection(ExtensibilityGlobals) = postSolution
		SolutionGuid = {161B4187-FF76-4025-93A1-130C8C6C7785}
	EndGlobalSection
EndGlobal
